github.com/kr/pretty v0.1.0/go.mod h1:dAy3ld7l9f0ibDNOQOHHMYYIIbhfbHSm3C4ZsoJORNo=
github.com/kr/pty v1.1.1/go.mod h1:pFQYn66WHrOpPYNljwOMqo10TkYh1fy3cYio2l3bCsQ=
github.com/kr/text v0.1.0/go.mod h1:4Jbv+DJW3UT/LiOwJeYQe1efqtUx/iVham/4vfdArNI=
github.com/pkg/diff v0.0.0-20210226163009-20ebb0f2a09e/go.mod h1:pJLUxLENpZxwdsKMEsNbx1VGcRFpLqf3715MtcvvzbA=
github.com/rogpeppe/go-internal v1.8.1/go.mod h1:JeRgkft04UBgHMgCIwADu4Pn6Mtm5d4nPKWu0nJ5d+o=
github.com/rwxrob/bonzai v0.3.1 h1:4ZtfLNozqDVprexp+ixWIS8zCIO36s7CZ8ICDQnRQkU=
github.com/rwxrob/bonzai v0.3.1/go.mod h1:gA456ranskXpIEEuldHvWHPO53IA/FyMOWaVxcbpmhI=
github.com/rwxrob/bonzai v0.14.1 h1:v0ItthDiXV7MXRAw7nyTIgsnQn8ZM/VeTCuXJOwVPsw=
github.com/rwxrob/bonzai v0.14.1/go.mod h1:hap+YriuJgncCLUgF6JJgLeldo3ggGVk+4s1G/FFSDk=
github.com/rwxrob/compcmd v0.3.0 h1:AlJNItb7+Yk17qmH5E7TJFyBXhna/rS3NeQAgjqbFls=
github.com/rwxrob/compcmd v0.3.0/go.mod h1:XOHl6bS2Uen6Wx2mxtbtUhT8Sbz1IhnaE55xPkhTBD4=
github.com/rwxrob/config v0.4.0/go.mod h1:LfHHwWd7Jzt+8b1v6Vel3i3aOYt2OX50gJY38qx3+6Q=
github.com/rwxrob/fn v0.3.3 h1:ymRQGWDhrrvoHKXLJ4WZlgI2qrC7gMOotowQMGvwmVQ=
github.com/rwxrob/fn v0.3.3/go.mod h1:omPqOqEB+dDna09z5pi5YFxq4IZqDvv3wFPUCES5LvY=
github.com/rwxrob/fs v0.5.2 h1:Ym5IYZZhKNna49K3epXzeyiwH4aT+rfXo8Zb4yLCVyY=
github.com/rwxrob/fs v0.5.2/go.mod h1:vO8AeluD7rnrO7zC54745xTEBFgHPUpHL0hbp1NnsVo=
github.com/rwxrob/help v0.2.1 h1:gj7aXML4zyIARy4IZWWBQSxBd8dp6qQ9r7yDddzQoDU=
github.com/rwxrob/help v0.2.1/go.mod h1:J6++EQqIOMjZD0kvXqUNIDdDmgZW6RMl0EKUHGaxZJs=
github.com/rwxrob/help v0.5.1 h1:P5RPTnx0o0rKrFHRi/kqzgujZQ1jKfRchDvuqu2XnJI=
github.com/rwxrob/help v0.5.1/go.mod h1:gn14I1aj/wgXYohNKv0Uo5vGgTPLGvCo08nB4KdVacc=
github.com/rwxrob/json v0.7.0/go.mod h1:BYaPIp+4cI64f7jdqkaVAjqU/HSIiwkqPNDr9tTUvRQ=
github.com/rwxrob/scan v0.9.0 h1:0FhHGrjmwRvRJWCW6I2BlOgEZKa4Af/R6t/2or8abAE=
github.com/rwxrob/scan v0.9.0/go.mod h1:sDIllL5+Ppk33AHkhhdrkPLP0EheWQPoNotKMhUfCIg=
github.com/rwxrob/structs v0.6.0 h1:t8JVd/Pee1OGaXgT6QYmGed470C9vOw6scdH8Cr5LPg=
github.com/rwxrob/structs v0.6.0/go.mod h1:txMfzPfEiIDNM5bwhzUqxr/1QQ3ekOuj3KLT8Nt1fA0=
github.com/rwxrob/term v0.2.7 h1:uFhFcZkjphRQHhkzaV5G34r4es7R6qEw52XA3xD0yn0=
github.com/rwxrob/term v0.2.7/go.mod h1:II0qQ7aHUdPniZCAPWOdYwugcZqdmRmEWIJQN7Z8NA0=
github.com/rwxrob/to v0.7.0 h1:hTs6pH6J4/JAex/T+ktsz3to8ojuuS9tCW4j4fHBTvY=
github.com/rwxrob/to v0.7.0/go.mod h1:5z3Y1tyXRmPfa+be5hvnxYuLQ0NSBQsE6mIBVTqlYTA=
github.com/rwxrob/y2j v0.3.5/go.mod h1:2DGHQskILi88IrACDZMUvuDauPXWtQ3pXWsQhImuMiQ=
golang.org/x/crypto v0.0.0-20220622213112-05595931fe9d h1:sK3txAijHtOK88l68nt020reeT1ZdKLIYetKl95FzVY=
golang.org/x/crypto v0.0.0-20220622213112-05595931fe9d/go.mod h1:IxCIyHEi3zRg3s0A5j5BB6A9Jmi73HwBIUl50j+osU4=
golang.org/x/mod v0.5.1/go.mod h1:5OXOZSfqPIIbmVBIIKWRFfZjPR0E5r58TLhUjH0a2Ro=
golang.org/x/sys v0.0.0-20220704084225-05e143d24a9e h1:CsOuNlbOuf0mzxJIefr6Q4uAUetRUwZE4qt7VfzP+xo=
golang.org/x/sys v0.0.0-20220704084225-05e143d24a9e/go.mod h1:oPkhp1MJrh7nUepCBck5+mAzfO9JrbApNNgaTdGDITg=
golang.org/x/term v0.0.0-20220526004731-065cf7ba2467 h1:CBpWXWQpIRjzmkkA+M7q9Fqnwd2mZr3AFqexg8YTfoM=
golang.org/x/term v0.0.0-20220526004731-065cf7ba2467/go.mod h1:jbD1KX2456YbFQfuXm/mYQcufACuNUgVhRMnK/tPxf8=
gopkg.in/check.v1 v0.0.0-20161208181325-20d25e280405/go.mod h1:Co6ibVJAznAaIkqp8huTwlJQCZ016jof/cbN4VW5Yz0=
gopkg.in/check.v1 v1.0.0-20180628173108-788fd7840127/go.mod h1:Co6ibVJAznAaIkqp8huTwlJQCZ016jof/cbN4VW5Yz0=
gopkg.in/errgo.v2 v2.1.0/go.mod h1:hNsd1EY+bozCKY1Ytp96fpM3vjJbqLJn88ws8XvfDNI=
gopkg.in/yaml.v3 v3.0.0-20210107192922-496545a6307b/go.mod h1:K4uyk7z7BCEPqu6E+C64Yfv1cQ7kz7rIZviUmN+EgEM=
